// !$*UTF8*$!
{
	archiveVersion = 1;
	classes = {
	};
	objectVersion = 50;
	objects = {

/* Begin PBXBuildFile section */
		6F0E30BA24CD891D00B45588 /* AppKit.framework in Frameworks */ = {isa = PBXBuildFile; fileRef = 6F0E30B924CD891D00B45588 /* AppKit.framework */; };
		6F0E30BC24CD891D00B45588 /* Foundation.framework in Frameworks */ = {isa = PBXBuildFile; fileRef = 6F0E30BB24CD891D00B45588 /* Foundation.framework */; };
		6F0E30C924CD891D00B45588 /* PrefixHeader.pch in Resources */ = {isa = PBXBuildFile; fileRef = 6F0E30C824CD891D00B45588 /* PrefixHeader.pch */; };
		6F0E30D724CD895400B45588 /* SPBManager.m in Sources */ = {isa = PBXBuildFile; fileRef = 6F0E30D024CD895300B45588 /* SPBManager.m */; };
		6F0E30D824CD895400B45588 /* SPBSpotlightBridge.m in Sources */ = {isa = PBXBuildFile; fileRef = 6F0E30D124CD895300B45588 /* SPBSpotlightBridge.m */; };
		6F0E30D924CD895400B45588 /* SPBExtensionManager.m in Sources */ = {isa = PBXBuildFile; fileRef = 6F0E30D324CD895400B45588 /* SPBExtensionManager.m */; };
		6F0E30DA24CD895400B45588 /* SPBValidator.m in Sources */ = {isa = PBXBuildFile; fileRef = 6F0E30D424CD895400B45588 /* SPBValidator.m */; };
		6F0E30DD24CD89DE00B45588 /* ZKSwizzle.m in Sources */ = {isa = PBXBuildFile; fileRef = 6F0E30DB24CD89DE00B45588 /* ZKSwizzle.m */; settings = {COMPILER_FLAGS = "-fno-objc-arc"; }; };
		6F4FD06B24E1F9C200096B87 /* SPBRankingManager.m in Sources */ = {isa = PBXBuildFile; fileRef = 6F4FD06A24E1F9C200096B87 /* SPBRankingManager.m */; };
		6F6B169624E5377B0041B8EF /* SPBPlaceholderPreviewController.m in Sources */ = {isa = PBXBuildFile; fileRef = 6F6B169524E5377B0041B8EF /* SPBPlaceholderPreviewController.m */; };
		6F6B169824E537970041B8EF /* SPBPlaceholderPreviewController.h in Headers */ = {isa = PBXBuildFile; fileRef = 6F6B169724E537970041B8EF /* SPBPlaceholderPreviewController.h */; };
		6F77148624E7482100CBA340 /* SpotlightBridgeFrameworkTests.m in Sources */ = {isa = PBXBuildFile; fileRef = 6F77148524E7482100CBA340 /* SpotlightBridgeFrameworkTests.m */; };
		6F77148824E7482100CBA340 /* SpotlightBridge.framework in Frameworks */ = {isa = PBXBuildFile; fileRef = 6FD38DB624CD8F940077C921 /* SpotlightBridge.framework */; };
		6F77148F24E7485600CBA340 /* SPBPreviewControllerTests.m in Sources */ = {isa = PBXBuildFile; fileRef = 6F77148E24E7485600CBA340 /* SPBPreviewControllerTests.m */; };
		6F77149224E7495E00CBA340 /* SPBTestPreviewController.m in Sources */ = {isa = PBXBuildFile; fileRef = 6F77149124E7495E00CBA340 /* SPBTestPreviewController.m */; };
		6F77149324E74A8E00CBA340 /* SPBBridgingSearchResult.m in Sources */ = {isa = PBXBuildFile; fileRef = 6FCB3A5124D53A5700121805 /* SPBBridgingSearchResult.m */; };
		6F77149424E74B2100CBA340 /* Spotlight.framework in Frameworks */ = {isa = PBXBuildFile; fileRef = 6FD38E0724CD91080077C921 /* Spotlight.framework */; };
		6F77149624E7528C00CBA340 /* SPBResultSection.m in Sources */ = {isa = PBXBuildFile; fileRef = 6F77149524E7528C00CBA340 /* SPBResultSection.m */; };
		6F7714A424E757E200CBA340 /* SPBExtensionManagerTests.m in Sources */ = {isa = PBXBuildFile; fileRef = 6F7714A324E757E200CBA340 /* SPBExtensionManagerTests.m */; };
		6F7714A524E7581000CBA340 /* SPBExtensionManager.m in Sources */ = {isa = PBXBuildFile; fileRef = 6F0E30D324CD895400B45588 /* SPBExtensionManager.m */; };
		6F7714A624E7587F00CBA340 /* SpotlightBridge.framework in Frameworks */ = {isa = PBXBuildFile; fileRef = 6FD38DB624CD8F940077C921 /* SpotlightBridge.framework */; };
		6F7714C224E75CB700CBA340 /* SPBTestExtension.bundle in Resources */ = {isa = PBXBuildFile; fileRef = 6F7714C124E75CB700CBA340 /* SPBTestExtension.bundle */; };
		6F7714C524E75F0E00CBA340 /* SPBTestExtensionManager.m in Sources */ = {isa = PBXBuildFile; fileRef = 6F7714C424E75F0E00CBA340 /* SPBTestExtensionManager.m */; };
		6F916C5724CEB70C00B42823 /* SPBResultSection+SFMutableResultSection.h in Headers */ = {isa = PBXBuildFile; fileRef = 6F916C5524CEB70C00B42823 /* SPBResultSection+SFMutableResultSection.h */; };
		6F916C5824CEB70C00B42823 /* SPBResultSection+SFMutableResultSection.m in Sources */ = {isa = PBXBuildFile; fileRef = 6F916C5624CEB70C00B42823 /* SPBResultSection+SFMutableResultSection.m */; };
		6F916C5B24CED9E400B42823 /* Spotlight.framework in Frameworks */ = {isa = PBXBuildFile; fileRef = 6FD38E0724CD91080077C921 /* Spotlight.framework */; };
		6F916C5C24CED9F300B42823 /* SpotlightServices.framework in Frameworks */ = {isa = PBXBuildFile; fileRef = 6FD38E0924CD91330077C921 /* SpotlightServices.framework */; };
		6F916C5D24CEDA0700B42823 /* SearchFoundation.framework in Frameworks */ = {isa = PBXBuildFile; fileRef = 6FD38E0524CD90E70077C921 /* SearchFoundation.framework */; };
		6F916C5F24CEDB2900B42823 /* ParsecUI.framework in Frameworks */ = {isa = PBXBuildFile; fileRef = 6F916C5E24CEDB2900B42823 /* ParsecUI.framework */; };
		6FA464D224CE315500F3C8F8 /* PRSPreviewController.h in Headers */ = {isa = PBXBuildFile; fileRef = 6FA464D124CE315500F3C8F8 /* PRSPreviewController.h */; settings = {ATTRIBUTES = (Public, ); }; };
		6FC1E24B24EA6CC80059BE4A /* SpotlightServices.framework in Frameworks */ = {isa = PBXBuildFile; fileRef = 6FD38E0924CD91330077C921 /* SpotlightServices.framework */; };
		6FC1E24D24EA77A20059BE4A /* SPBRankingManagerTests.m in Sources */ = {isa = PBXBuildFile; fileRef = 6FC1E24C24EA77A20059BE4A /* SPBRankingManagerTests.m */; };
		6FC1E24E24EA78E40059BE4A /* SPBBridgingSearchResult.m in Sources */ = {isa = PBXBuildFile; fileRef = 6FCB3A5124D53A5700121805 /* SPBBridgingSearchResult.m */; };
		6FC1E25124EA79440059BE4A /* SPBTestSearchResult.m in Sources */ = {isa = PBXBuildFile; fileRef = 6FC1E25024EA79440059BE4A /* SPBTestSearchResult.m */; };
		6FC1E25224EA79F20059BE4A /* SpotlightServices.framework in Frameworks */ = {isa = PBXBuildFile; fileRef = 6FD38E0924CD91330077C921 /* SpotlightServices.framework */; };
		6FC1E25324EA79FE0059BE4A /* Spotlight.framework in Frameworks */ = {isa = PBXBuildFile; fileRef = 6FD38E0724CD91080077C921 /* Spotlight.framework */; };
		6FC1E25424EA7AD40059BE4A /* SPBRankingManager.m in Sources */ = {isa = PBXBuildFile; fileRef = 6F4FD06A24E1F9C200096B87 /* SPBRankingManager.m */; };
		6FCB3A5224D53A5700121805 /* SPBBridgingSearchResult.h in Headers */ = {isa = PBXBuildFile; fileRef = 6FCB3A5024D53A5700121805 /* SPBBridgingSearchResult.h */; };
		6FCB3A5324D53A5700121805 /* SPBBridgingSearchResult.m in Sources */ = {isa = PBXBuildFile; fileRef = 6FCB3A5124D53A5700121805 /* SPBBridgingSearchResult.m */; };
		6FCB3A6024D8D4E100121805 /* SFResultSection.h in Headers */ = {isa = PBXBuildFile; fileRef = 6FCB3A5F24D8D4E100121805 /* SFResultSection.h */; };
		6FD38DBA24CD8F940077C921 /* SpotlightBridge.h in Headers */ = {isa = PBXBuildFile; fileRef = 6FD38DB824CD8F940077C921 /* SpotlightBridge.h */; settings = {ATTRIBUTES = (Public, ); }; };
		6FD38DE324CD90160077C921 /* SPBQuery.m in Sources */ = {isa = PBXBuildFile; fileRef = 6FD38DD724CD90160077C921 /* SPBQuery.m */; };
		6FD38DE424CD90160077C921 /* SPBResultSection.m in Sources */ = {isa = PBXBuildFile; fileRef = 6FD38DD824CD90160077C921 /* SPBResultSection.m */; };
		6FD38DE524CD90160077C921 /* SPBSearchResult.h in Headers */ = {isa = PBXBuildFile; fileRef = 6FD38DD924CD90160077C921 /* SPBSearchResult.h */; settings = {ATTRIBUTES = (Public, ); }; };
		6FD38DE624CD90160077C921 /* SPBPlaceholderPreviewController.xib in Resources */ = {isa = PBXBuildFile; fileRef = 6FD38DDA24CD90160077C921 /* SPBPlaceholderPreviewController.xib */; };
		6FD38DE724CD90160077C921 /* SPBResponse.m in Sources */ = {isa = PBXBuildFile; fileRef = 6FD38DDB24CD90160077C921 /* SPBResponse.m */; };
		6FD38DE824CD90160077C921 /* SPBResultSection.h in Headers */ = {isa = PBXBuildFile; fileRef = 6FD38DDC24CD90160077C921 /* SPBResultSection.h */; settings = {ATTRIBUTES = (Public, ); }; };
		6FD38DE924CD90160077C921 /* SPBSearchResult.m in Sources */ = {isa = PBXBuildFile; fileRef = 6FD38DDD24CD90160077C921 /* SPBSearchResult.m */; };
		6FD38DEA24CD90160077C921 /* SPBPreviewController.h in Headers */ = {isa = PBXBuildFile; fileRef = 6FD38DDE24CD90160077C921 /* SPBPreviewController.h */; settings = {ATTRIBUTES = (Public, ); }; };
		6FD38DEB24CD90160077C921 /* SPBQuery.h in Headers */ = {isa = PBXBuildFile; fileRef = 6FD38DDF24CD90160077C921 /* SPBQuery.h */; settings = {ATTRIBUTES = (Public, ); }; };
		6FD38DEC24CD90160077C921 /* SPBResponse.h in Headers */ = {isa = PBXBuildFile; fileRef = 6FD38DE024CD90160077C921 /* SPBResponse.h */; settings = {ATTRIBUTES = (Public, ); }; };
		6FD38DED24CD90160077C921 /* SPBPreviewController.m in Sources */ = {isa = PBXBuildFile; fileRef = 6FD38DE124CD90160077C921 /* SPBPreviewController.m */; };
		6FD38DFD24CD905D0077C921 /* PRSCalculatorResult.h in Headers */ = {isa = PBXBuildFile; fileRef = 6FD38DF324CD905D0077C921 /* PRSCalculatorResult.h */; };
		6FD38DFE24CD905D0077C921 /* SPKResponse.h in Headers */ = {isa = PBXBuildFile; fileRef = 6FD38DF424CD905D0077C921 /* SPKResponse.h */; settings = {ATTRIBUTES = (Public, ); }; };
		6FD38DFF24CD905D0077C921 /* SPKQuery.h in Headers */ = {isa = PBXBuildFile; fileRef = 6FD38DF524CD905D0077C921 /* SPKQuery.h */; settings = {ATTRIBUTES = (Public, ); }; };
		6FD38E0024CD905D0077C921 /* SPPreviewController.h in Headers */ = {isa = PBXBuildFile; fileRef = 6FD38DF624CD905D0077C921 /* SPPreviewController.h */; settings = {ATTRIBUTES = (Public, ); }; };
		6FD38E0124CD905D0077C921 /* SFSearchResult_SpotlightExtras.h in Headers */ = {isa = PBXBuildFile; fileRef = 6FD38DF824CD905D0077C921 /* SFSearchResult_SpotlightExtras.h */; settings = {ATTRIBUTES = (Public, ); }; };
		6FD38E0224CD905D0077C921 /* SFResultSection.h in Headers */ = {isa = PBXBuildFile; fileRef = 6FD38DFA24CD905D0077C921 /* SFResultSection.h */; settings = {ATTRIBUTES = (Public, ); }; };
		6FD38E0324CD905D0077C921 /* SFSearchResult.h in Headers */ = {isa = PBXBuildFile; fileRef = 6FD38DFB24CD905D0077C921 /* SFSearchResult.h */; settings = {ATTRIBUTES = (Public, ); }; };
		6FD38E0424CD905D0077C921 /* SFMutableResultSection.h in Headers */ = {isa = PBXBuildFile; fileRef = 6FD38DFC24CD905D0077C921 /* SFMutableResultSection.h */; };
		6FD38E0B24CD914E0077C921 /* SpotlightBridge.framework in Frameworks */ = {isa = PBXBuildFile; fileRef = 6FD38DB624CD8F940077C921 /* SpotlightBridge.framework */; };
/* End PBXBuildFile section */

/* Begin PBXContainerItemProxy section */
		6F77148924E7482100CBA340 /* PBXContainerItemProxy */ = {
			isa = PBXContainerItemProxy;
			containerPortal = 6F0E30AE24CD891D00B45588 /* Project object */;
			proxyType = 1;
			remoteGlobalIDString = 6FD38DB524CD8F940077C921;
			remoteInfo = SpotlightBridgeFramework;
		};
/* End PBXContainerItemProxy section */

/* Begin PBXFileReference section */
		6F0E30B624CD891D00B45588 /* SpotlightBridge.bundle */ = {isa = PBXFileReference; explicitFileType = wrapper.cfbundle; includeInIndex = 0; path = SpotlightBridge.bundle; sourceTree = BUILT_PRODUCTS_DIR; };
		6F0E30B924CD891D00B45588 /* AppKit.framework */ = {isa = PBXFileReference; lastKnownFileType = wrapper.framework; name = AppKit.framework; path = /System/Library/Frameworks/AppKit.framework; sourceTree = "<absolute>"; };
		6F0E30BB24CD891D00B45588 /* Foundation.framework */ = {isa = PBXFileReference; lastKnownFileType = wrapper.framework; name = Foundation.framework; path = /System/Library/Frameworks/Foundation.framework; sourceTree = "<absolute>"; };
		6F0E30BF24CD891D00B45588 /* Info.plist */ = {isa = PBXFileReference; lastKnownFileType = text.plist.xml; name = Info.plist; path = ../Info.plist; sourceTree = "<group>"; };
		6F0E30C824CD891D00B45588 /* PrefixHeader.pch */ = {isa = PBXFileReference; lastKnownFileType = sourcecode.c.h; name = PrefixHeader.pch; path = ../PrefixHeader.pch; sourceTree = "<group>"; };
		6F0E30CF24CD895300B45588 /* SPBExtensionManager.h */ = {isa = PBXFileReference; fileEncoding = 4; lastKnownFileType = sourcecode.c.h; path = SPBExtensionManager.h; sourceTree = "<group>"; };
		6F0E30D024CD895300B45588 /* SPBManager.m */ = {isa = PBXFileReference; fileEncoding = 4; lastKnownFileType = sourcecode.c.objc; path = SPBManager.m; sourceTree = "<group>"; };
		6F0E30D124CD895300B45588 /* SPBSpotlightBridge.m */ = {isa = PBXFileReference; fileEncoding = 4; lastKnownFileType = sourcecode.c.objc; path = SPBSpotlightBridge.m; sourceTree = "<group>"; };
		6F0E30D224CD895400B45588 /* SPBValidator.h */ = {isa = PBXFileReference; fileEncoding = 4; lastKnownFileType = sourcecode.c.h; path = SPBValidator.h; sourceTree = "<group>"; };
		6F0E30D324CD895400B45588 /* SPBExtensionManager.m */ = {isa = PBXFileReference; fileEncoding = 4; lastKnownFileType = sourcecode.c.objc; path = SPBExtensionManager.m; sourceTree = "<group>"; };
		6F0E30D424CD895400B45588 /* SPBValidator.m */ = {isa = PBXFileReference; fileEncoding = 4; lastKnownFileType = sourcecode.c.objc; path = SPBValidator.m; sourceTree = "<group>"; };
		6F0E30D524CD895400B45588 /* SPBSpotlightBridge.h */ = {isa = PBXFileReference; fileEncoding = 4; lastKnownFileType = sourcecode.c.h; path = SPBSpotlightBridge.h; sourceTree = "<group>"; };
		6F0E30D624CD895400B45588 /* SPBManager.h */ = {isa = PBXFileReference; fileEncoding = 4; lastKnownFileType = sourcecode.c.h; path = SPBManager.h; sourceTree = "<group>"; };
		6F0E30DB24CD89DE00B45588 /* ZKSwizzle.m */ = {isa = PBXFileReference; fileEncoding = 4; lastKnownFileType = sourcecode.c.objc; path = ZKSwizzle.m; sourceTree = "<group>"; };
		6F0E30DC24CD89DE00B45588 /* ZKSwizzle.h */ = {isa = PBXFileReference; fileEncoding = 4; lastKnownFileType = sourcecode.c.h; path = ZKSwizzle.h; sourceTree = "<group>"; };
		6F0E30E324CD8D8C00B45588 /* Quartz.framework */ = {isa = PBXFileReference; lastKnownFileType = wrapper.framework; name = Quartz.framework; path = System/Library/Frameworks/Quartz.framework; sourceTree = SDKROOT; };
		6F4FD06924E1F9C200096B87 /* SPBRankingManager.h */ = {isa = PBXFileReference; lastKnownFileType = sourcecode.c.h; path = SPBRankingManager.h; sourceTree = "<group>"; };
		6F4FD06A24E1F9C200096B87 /* SPBRankingManager.m */ = {isa = PBXFileReference; lastKnownFileType = sourcecode.c.objc; path = SPBRankingManager.m; sourceTree = "<group>"; };
		6F6B169524E5377B0041B8EF /* SPBPlaceholderPreviewController.m */ = {isa = PBXFileReference; fileEncoding = 4; lastKnownFileType = sourcecode.c.objc; path = SPBPlaceholderPreviewController.m; sourceTree = "<group>"; };
		6F6B169724E537970041B8EF /* SPBPlaceholderPreviewController.h */ = {isa = PBXFileReference; fileEncoding = 4; lastKnownFileType = sourcecode.c.h; path = SPBPlaceholderPreviewController.h; sourceTree = "<group>"; };
		6F77148324E7482100CBA340 /* SpotlightBridgeFrameworkTests.xctest */ = {isa = PBXFileReference; explicitFileType = wrapper.cfbundle; includeInIndex = 0; path = SpotlightBridgeFrameworkTests.xctest; sourceTree = BUILT_PRODUCTS_DIR; };
		6F77148524E7482100CBA340 /* SpotlightBridgeFrameworkTests.m */ = {isa = PBXFileReference; lastKnownFileType = sourcecode.c.objc; path = SpotlightBridgeFrameworkTests.m; sourceTree = "<group>"; };
		6F77148724E7482100CBA340 /* Info.plist */ = {isa = PBXFileReference; lastKnownFileType = text.plist.xml; path = Info.plist; sourceTree = "<group>"; };
		6F77148E24E7485600CBA340 /* SPBPreviewControllerTests.m */ = {isa = PBXFileReference; lastKnownFileType = sourcecode.c.objc; path = SPBPreviewControllerTests.m; sourceTree = "<group>"; };
		6F77149024E7495E00CBA340 /* SPBTestPreviewController.h */ = {isa = PBXFileReference; lastKnownFileType = sourcecode.c.h; path = SPBTestPreviewController.h; sourceTree = "<group>"; };
		6F77149124E7495E00CBA340 /* SPBTestPreviewController.m */ = {isa = PBXFileReference; lastKnownFileType = sourcecode.c.objc; path = SPBTestPreviewController.m; sourceTree = "<group>"; };
		6F77149524E7528C00CBA340 /* SPBResultSection.m */ = {isa = PBXFileReference; lastKnownFileType = sourcecode.c.objc; path = SPBResultSection.m; sourceTree = "<group>"; };
		6F77149B24E757BB00CBA340 /* SpotlightBridgeTests.xctest */ = {isa = PBXFileReference; explicitFileType = wrapper.cfbundle; includeInIndex = 0; path = SpotlightBridgeTests.xctest; sourceTree = BUILT_PRODUCTS_DIR; };
		6F77149F24E757BB00CBA340 /* Info.plist */ = {isa = PBXFileReference; lastKnownFileType = text.plist.xml; path = Info.plist; sourceTree = "<group>"; };
		6F7714A324E757E200CBA340 /* SPBExtensionManagerTests.m */ = {isa = PBXFileReference; lastKnownFileType = sourcecode.c.objc; path = SPBExtensionManagerTests.m; sourceTree = "<group>"; };
		6F7714C124E75CB700CBA340 /* SPBTestExtension.bundle */ = {isa = PBXFileReference; lastKnownFileType = "wrapper.plug-in"; path = SPBTestExtension.bundle; sourceTree = "<group>"; };
		6F7714C324E75F0E00CBA340 /* SPBTestExtensionManager.h */ = {isa = PBXFileReference; lastKnownFileType = sourcecode.c.h; path = SPBTestExtensionManager.h; sourceTree = "<group>"; };
		6F7714C424E75F0E00CBA340 /* SPBTestExtensionManager.m */ = {isa = PBXFileReference; lastKnownFileType = sourcecode.c.objc; path = SPBTestExtensionManager.m; sourceTree = "<group>"; };
		6F916C5524CEB70C00B42823 /* SPBResultSection+SFMutableResultSection.h */ = {isa = PBXFileReference; lastKnownFileType = sourcecode.c.h; name = "SPBResultSection+SFMutableResultSection.h"; path = "SpotlightBridgeFramework/SPBResultSection+SFMutableResultSection.h"; sourceTree = SOURCE_ROOT; };
		6F916C5624CEB70C00B42823 /* SPBResultSection+SFMutableResultSection.m */ = {isa = PBXFileReference; lastKnownFileType = sourcecode.c.objc; name = "SPBResultSection+SFMutableResultSection.m"; path = "SpotlightBridgeFramework/SPBResultSection+SFMutableResultSection.m"; sourceTree = SOURCE_ROOT; };
		6F916C5E24CEDB2900B42823 /* ParsecUI.framework */ = {isa = PBXFileReference; lastKnownFileType = wrapper.framework; name = ParsecUI.framework; path = ../../../../System/Library/PrivateFrameworks/ParsecUI.framework; sourceTree = "<group>"; };
		6FA464D124CE315500F3C8F8 /* PRSPreviewController.h */ = {isa = PBXFileReference; fileEncoding = 4; lastKnownFileType = sourcecode.c.h; path = PRSPreviewController.h; sourceTree = "<group>"; };
		6FC1E24724EA637B0059BE4A /* PRSRankingManager.h */ = {isa = PBXFileReference; fileEncoding = 4; lastKnownFileType = sourcecode.c.h; path = PRSRankingManager.h; sourceTree = "<group>"; };
		6FC1E24C24EA77A20059BE4A /* SPBRankingManagerTests.m */ = {isa = PBXFileReference; lastKnownFileType = sourcecode.c.objc; path = SPBRankingManagerTests.m; sourceTree = "<group>"; };
		6FC1E24F24EA79440059BE4A /* SPBTestSearchResult.h */ = {isa = PBXFileReference; lastKnownFileType = sourcecode.c.h; path = SPBTestSearchResult.h; sourceTree = "<group>"; };
		6FC1E25024EA79440059BE4A /* SPBTestSearchResult.m */ = {isa = PBXFileReference; lastKnownFileType = sourcecode.c.objc; path = SPBTestSearchResult.m; sourceTree = "<group>"; };
		6FCB3A5024D53A5700121805 /* SPBBridgingSearchResult.h */ = {isa = PBXFileReference; lastKnownFileType = sourcecode.c.h; path = SPBBridgingSearchResult.h; sourceTree = "<group>"; };
		6FCB3A5124D53A5700121805 /* SPBBridgingSearchResult.m */ = {isa = PBXFileReference; lastKnownFileType = sourcecode.c.objc; path = SPBBridgingSearchResult.m; sourceTree = "<group>"; };
		6FCB3A5F24D8D4E100121805 /* SFResultSection.h */ = {isa = PBXFileReference; fileEncoding = 4; lastKnownFileType = sourcecode.c.h; name = SFResultSection.h; path = ../../macOS_headers/macOS/PrivateFrameworks/SearchFoundation/963/SFResultSection.h; sourceTree = "<group>"; };
		6FD38DB624CD8F940077C921 /* SpotlightBridge.framework */ = {isa = PBXFileReference; explicitFileType = wrapper.framework; includeInIndex = 0; path = SpotlightBridge.framework; sourceTree = BUILT_PRODUCTS_DIR; };
		6FD38DB824CD8F940077C921 /* SpotlightBridge.h */ = {isa = PBXFileReference; lastKnownFileType = sourcecode.c.h; path = SpotlightBridge.h; sourceTree = "<group>"; };
		6FD38DB924CD8F940077C921 /* Info.plist */ = {isa = PBXFileReference; lastKnownFileType = text.plist.xml; path = Info.plist; sourceTree = "<group>"; };
		6FD38DD724CD90160077C921 /* SPBQuery.m */ = {isa = PBXFileReference; fileEncoding = 4; lastKnownFileType = sourcecode.c.objc; path = SPBQuery.m; sourceTree = "<group>"; };
		6FD38DD824CD90160077C921 /* SPBResultSection.m */ = {isa = PBXFileReference; fileEncoding = 4; lastKnownFileType = sourcecode.c.objc; path = SPBResultSection.m; sourceTree = "<group>"; };
		6FD38DD924CD90160077C921 /* SPBSearchResult.h */ = {isa = PBXFileReference; fileEncoding = 4; lastKnownFileType = sourcecode.c.h; path = SPBSearchResult.h; sourceTree = "<group>"; };
		6FD38DDA24CD90160077C921 /* SPBPlaceholderPreviewController.xib */ = {isa = PBXFileReference; fileEncoding = 4; lastKnownFileType = file.xib; path = SPBPlaceholderPreviewController.xib; sourceTree = "<group>"; };
		6FD38DDB24CD90160077C921 /* SPBResponse.m */ = {isa = PBXFileReference; fileEncoding = 4; lastKnownFileType = sourcecode.c.objc; path = SPBResponse.m; sourceTree = "<group>"; };
		6FD38DDC24CD90160077C921 /* SPBResultSection.h */ = {isa = PBXFileReference; fileEncoding = 4; lastKnownFileType = sourcecode.c.h; path = SPBResultSection.h; sourceTree = "<group>"; };
		6FD38DDD24CD90160077C921 /* SPBSearchResult.m */ = {isa = PBXFileReference; fileEncoding = 4; lastKnownFileType = sourcecode.c.objc; path = SPBSearchResult.m; sourceTree = "<group>"; };
		6FD38DDE24CD90160077C921 /* SPBPreviewController.h */ = {isa = PBXFileReference; fileEncoding = 4; lastKnownFileType = sourcecode.c.h; path = SPBPreviewController.h; sourceTree = "<group>"; };
		6FD38DDF24CD90160077C921 /* SPBQuery.h */ = {isa = PBXFileReference; fileEncoding = 4; lastKnownFileType = sourcecode.c.h; path = SPBQuery.h; sourceTree = "<group>"; };
		6FD38DE024CD90160077C921 /* SPBResponse.h */ = {isa = PBXFileReference; fileEncoding = 4; lastKnownFileType = sourcecode.c.h; path = SPBResponse.h; sourceTree = "<group>"; };
		6FD38DE124CD90160077C921 /* SPBPreviewController.m */ = {isa = PBXFileReference; fileEncoding = 4; lastKnownFileType = sourcecode.c.objc; path = SPBPreviewController.m; sourceTree = "<group>"; };
		6FD38DF324CD905D0077C921 /* PRSCalculatorResult.h */ = {isa = PBXFileReference; fileEncoding = 4; lastKnownFileType = sourcecode.c.h; path = PRSCalculatorResult.h; sourceTree = "<group>"; };
		6FD38DF424CD905D0077C921 /* SPKResponse.h */ = {isa = PBXFileReference; fileEncoding = 4; lastKnownFileType = sourcecode.c.h; path = SPKResponse.h; sourceTree = "<group>"; };
		6FD38DF524CD905D0077C921 /* SPKQuery.h */ = {isa = PBXFileReference; fileEncoding = 4; lastKnownFileType = sourcecode.c.h; path = SPKQuery.h; sourceTree = "<group>"; };
		6FD38DF624CD905D0077C921 /* SPPreviewController.h */ = {isa = PBXFileReference; fileEncoding = 4; lastKnownFileType = sourcecode.c.h; path = SPPreviewController.h; sourceTree = "<group>"; };
		6FD38DF824CD905D0077C921 /* SFSearchResult_SpotlightExtras.h */ = {isa = PBXFileReference; fileEncoding = 4; lastKnownFileType = sourcecode.c.h; path = SFSearchResult_SpotlightExtras.h; sourceTree = "<group>"; };
		6FD38DFA24CD905D0077C921 /* SFResultSection.h */ = {isa = PBXFileReference; fileEncoding = 4; lastKnownFileType = sourcecode.c.h; path = SFResultSection.h; sourceTree = "<group>"; };
		6FD38DFB24CD905D0077C921 /* SFSearchResult.h */ = {isa = PBXFileReference; fileEncoding = 4; lastKnownFileType = sourcecode.c.h; path = SFSearchResult.h; sourceTree = "<group>"; };
		6FD38DFC24CD905D0077C921 /* SFMutableResultSection.h */ = {isa = PBXFileReference; fileEncoding = 4; lastKnownFileType = sourcecode.c.h; path = SFMutableResultSection.h; sourceTree = "<group>"; };
		6FD38E0524CD90E70077C921 /* SearchFoundation.framework */ = {isa = PBXFileReference; lastKnownFileType = wrapper.framework; name = SearchFoundation.framework; path = ../../../../System/Library/PrivateFrameworks/SearchFoundation.framework; sourceTree = "<group>"; };
		6FD38E0724CD91080077C921 /* Spotlight.framework */ = {isa = PBXFileReference; lastKnownFileType = wrapper.framework; name = Spotlight.framework; path = ../../../../System/Library/PrivateFrameworks/Spotlight.framework; sourceTree = "<group>"; };
		6FD38E0924CD91330077C921 /* SpotlightServices.framework */ = {isa = PBXFileReference; lastKnownFileType = wrapper.framework; name = SpotlightServices.framework; path = ../../../../System/Library/PrivateFrameworks/SpotlightServices.framework; sourceTree = "<group>"; };
/* End PBXFileReference section */

/* Begin PBXFrameworksBuildPhase section */
		6F0E30B324CD891D00B45588 /* Frameworks */ = {
			isa = PBXFrameworksBuildPhase;
			buildActionMask = 2147483647;
			files = (
				6FC1E24B24EA6CC80059BE4A /* SpotlightServices.framework in Frameworks */,
				6FD38E0B24CD914E0077C921 /* SpotlightBridge.framework in Frameworks */,
				6F0E30BA24CD891D00B45588 /* AppKit.framework in Frameworks */,
				6F0E30BC24CD891D00B45588 /* Foundation.framework in Frameworks */,
			);
			runOnlyForDeploymentPostprocessing = 0;
		};
		6F77148024E7482100CBA340 /* Frameworks */ = {
			isa = PBXFrameworksBuildPhase;
			buildActionMask = 2147483647;
			files = (
				6F77148824E7482100CBA340 /* SpotlightBridge.framework in Frameworks */,
				6F77149424E74B2100CBA340 /* Spotlight.framework in Frameworks */,
			);
			runOnlyForDeploymentPostprocessing = 0;
		};
		6F77149824E757BB00CBA340 /* Frameworks */ = {
			isa = PBXFrameworksBuildPhase;
			buildActionMask = 2147483647;
			files = (
				6FC1E25324EA79FE0059BE4A /* Spotlight.framework in Frameworks */,
				6FC1E25224EA79F20059BE4A /* SpotlightServices.framework in Frameworks */,
				6F7714A624E7587F00CBA340 /* SpotlightBridge.framework in Frameworks */,
			);
			runOnlyForDeploymentPostprocessing = 0;
		};
		6FD38DB324CD8F940077C921 /* Frameworks */ = {
			isa = PBXFrameworksBuildPhase;
			buildActionMask = 2147483647;
			files = (
				6F916C5F24CEDB2900B42823 /* ParsecUI.framework in Frameworks */,
				6F916C5D24CEDA0700B42823 /* SearchFoundation.framework in Frameworks */,
				6F916C5C24CED9F300B42823 /* SpotlightServices.framework in Frameworks */,
				6F916C5B24CED9E400B42823 /* Spotlight.framework in Frameworks */,
			);
			runOnlyForDeploymentPostprocessing = 0;
		};
/* End PBXFrameworksBuildPhase section */

/* Begin PBXGroup section */
		6F0E30AD24CD891D00B45588 = {
			isa = PBXGroup;
			children = (
				6F0E30BD24CD891D00B45588 /* SpotlightBridge */,
				6FD38DB724CD8F940077C921 /* SpotlightBridgeFramework */,
				6F77148424E7482100CBA340 /* SpotlightBridgeFrameworkTests */,
				6F77149C24E757BB00CBA340 /* SpotlightBridgeTests */,
				6F0E30B824CD891D00B45588 /* Frameworks */,
				6F0E30B724CD891D00B45588 /* Products */,
			);
			sourceTree = "<group>";
		};
		6F0E30B724CD891D00B45588 /* Products */ = {
			isa = PBXGroup;
			children = (
				6F0E30B624CD891D00B45588 /* SpotlightBridge.bundle */,
				6FD38DB624CD8F940077C921 /* SpotlightBridge.framework */,
				6F77148324E7482100CBA340 /* SpotlightBridgeFrameworkTests.xctest */,
				6F77149B24E757BB00CBA340 /* SpotlightBridgeTests.xctest */,
			);
			name = Products;
			sourceTree = "<group>";
		};
		6F0E30B824CD891D00B45588 /* Frameworks */ = {
			isa = PBXGroup;
			children = (
				6F916C5E24CEDB2900B42823 /* ParsecUI.framework */,
				6FD38E0924CD91330077C921 /* SpotlightServices.framework */,
				6FD38E0724CD91080077C921 /* Spotlight.framework */,
				6FD38E0524CD90E70077C921 /* SearchFoundation.framework */,
				6F0E30B924CD891D00B45588 /* AppKit.framework */,
				6F0E30BB24CD891D00B45588 /* Foundation.framework */,
				6F0E30E324CD8D8C00B45588 /* Quartz.framework */,
			);
			name = Frameworks;
			sourceTree = "<group>";
		};
		6F0E30BD24CD891D00B45588 /* SpotlightBridge */ = {
			isa = PBXGroup;
			children = (
				6FC1E24724EA637B0059BE4A /* PRSRankingManager.h */,
				6F0E30CF24CD895300B45588 /* SPBExtensionManager.h */,
				6F0E30D324CD895400B45588 /* SPBExtensionManager.m */,
				6F0E30D624CD895400B45588 /* SPBManager.h */,
				6F0E30D024CD895300B45588 /* SPBManager.m */,
				6F0E30D524CD895400B45588 /* SPBSpotlightBridge.h */,
				6F0E30D124CD895300B45588 /* SPBSpotlightBridge.m */,
				6F0E30D224CD895400B45588 /* SPBValidator.h */,
				6F0E30D424CD895400B45588 /* SPBValidator.m */,
				6F4FD06924E1F9C200096B87 /* SPBRankingManager.h */,
				6F4FD06A24E1F9C200096B87 /* SPBRankingManager.m */,
				6F0E30C424CD891D00B45588 /* ZKSwizzle */,
				6F0E30BE24CD891D00B45588 /* Supporting Files */,
			);
			path = SpotlightBridge;
			sourceTree = "<group>";
		};
		6F0E30BE24CD891D00B45588 /* Supporting Files */ = {
			isa = PBXGroup;
			children = (
				6F0E30BF24CD891D00B45588 /* Info.plist */,
				6F0E30C824CD891D00B45588 /* PrefixHeader.pch */,
			);
			path = "Supporting Files";
			sourceTree = "<group>";
		};
		6F0E30C424CD891D00B45588 /* ZKSwizzle */ = {
			isa = PBXGroup;
			children = (
				6F0E30DC24CD89DE00B45588 /* ZKSwizzle.h */,
				6F0E30DB24CD89DE00B45588 /* ZKSwizzle.m */,
			);
			path = ZKSwizzle;
			sourceTree = "<group>";
		};
		6F77148424E7482100CBA340 /* SpotlightBridgeFrameworkTests */ = {
			isa = PBXGroup;
			children = (
				6F77148524E7482100CBA340 /* SpotlightBridgeFrameworkTests.m */,
				6F77148724E7482100CBA340 /* Info.plist */,
				6F77148E24E7485600CBA340 /* SPBPreviewControllerTests.m */,
				6F77149024E7495E00CBA340 /* SPBTestPreviewController.h */,
				6F77149124E7495E00CBA340 /* SPBTestPreviewController.m */,
				6F77149524E7528C00CBA340 /* SPBResultSection.m */,
			);
			path = SpotlightBridgeFrameworkTests;
			sourceTree = "<group>";
		};
		6F77149C24E757BB00CBA340 /* SpotlightBridgeTests */ = {
			isa = PBXGroup;
			children = (
				6F7714C124E75CB700CBA340 /* SPBTestExtension.bundle */,
				6F77149F24E757BB00CBA340 /* Info.plist */,
				6F7714A324E757E200CBA340 /* SPBExtensionManagerTests.m */,
				6F7714C324E75F0E00CBA340 /* SPBTestExtensionManager.h */,
				6F7714C424E75F0E00CBA340 /* SPBTestExtensionManager.m */,
				6FC1E24C24EA77A20059BE4A /* SPBRankingManagerTests.m */,
				6FC1E24F24EA79440059BE4A /* SPBTestSearchResult.h */,
				6FC1E25024EA79440059BE4A /* SPBTestSearchResult.m */,
			);
			path = SpotlightBridgeTests;
			sourceTree = "<group>";
		};
		6FD38DB724CD8F940077C921 /* SpotlightBridgeFramework */ = {
			isa = PBXGroup;
			children = (
				6FCB3A5F24D8D4E100121805 /* SFResultSection.h */,
				6FD38DEE24CD905D0077C921 /* Headers */,
				6FD38DB824CD8F940077C921 /* SpotlightBridge.h */,
				6F916C5524CEB70C00B42823 /* SPBResultSection+SFMutableResultSection.h */,
				6F916C5624CEB70C00B42823 /* SPBResultSection+SFMutableResultSection.m */,
				6FD38DDE24CD90160077C921 /* SPBPreviewController.h */,
				6FD38DE124CD90160077C921 /* SPBPreviewController.m */,
				6F6B169724E537970041B8EF /* SPBPlaceholderPreviewController.h */,
				6F6B169524E5377B0041B8EF /* SPBPlaceholderPreviewController.m */,
				6FD38DDA24CD90160077C921 /* SPBPlaceholderPreviewController.xib */,
				6FD38DDF24CD90160077C921 /* SPBQuery.h */,
				6FD38DD724CD90160077C921 /* SPBQuery.m */,
				6FD38DE024CD90160077C921 /* SPBResponse.h */,
				6FD38DDB24CD90160077C921 /* SPBResponse.m */,
				6FD38DDC24CD90160077C921 /* SPBResultSection.h */,
				6FD38DD824CD90160077C921 /* SPBResultSection.m */,
				6FD38DD924CD90160077C921 /* SPBSearchResult.h */,
				6FD38DDD24CD90160077C921 /* SPBSearchResult.m */,
				6FD38DB924CD8F940077C921 /* Info.plist */,
				6FCB3A5024D53A5700121805 /* SPBBridgingSearchResult.h */,
				6FCB3A5124D53A5700121805 /* SPBBridgingSearchResult.m */,
			);
			path = SpotlightBridgeFramework;
			sourceTree = "<group>";
		};
		6FD38DEE24CD905D0077C921 /* Headers */ = {
			isa = PBXGroup;
			children = (
				6FD38DEF24CD905D0077C921 /* 10.14 */,
				6FD38DF124CD905D0077C921 /* 10.15 */,
			);
			path = Headers;
			sourceTree = "<group>";
		};
		6FD38DEF24CD905D0077C921 /* 10.14 */ = {
			isa = PBXGroup;
			children = (
				6FA464D124CE315500F3C8F8 /* PRSPreviewController.h */,
				6FD38DF024CD905D0077C921 /* Spotlight */,
			);
			path = 10.14;
			sourceTree = "<group>";
		};
		6FD38DF024CD905D0077C921 /* Spotlight */ = {
			isa = PBXGroup;
			children = (
			);
			path = Spotlight;
			sourceTree = "<group>";
		};
		6FD38DF124CD905D0077C921 /* 10.15 */ = {
			isa = PBXGroup;
			children = (
				6FD38DF224CD905D0077C921 /* Spotlight */,
				6FD38DF724CD905D0077C921 /* SpotlightServices */,
				6FD38DF924CD905D0077C921 /* SearchFoundation */,
			);
			path = 10.15;
			sourceTree = "<group>";
		};
		6FD38DF224CD905D0077C921 /* Spotlight */ = {
			isa = PBXGroup;
			children = (
				6FD38DF324CD905D0077C921 /* PRSCalculatorResult.h */,
				6FD38DF424CD905D0077C921 /* SPKResponse.h */,
				6FD38DF524CD905D0077C921 /* SPKQuery.h */,
				6FD38DF624CD905D0077C921 /* SPPreviewController.h */,
			);
			path = Spotlight;
			sourceTree = "<group>";
		};
		6FD38DF724CD905D0077C921 /* SpotlightServices */ = {
			isa = PBXGroup;
			children = (
				6FD38DF824CD905D0077C921 /* SFSearchResult_SpotlightExtras.h */,
			);
			path = SpotlightServices;
			sourceTree = "<group>";
		};
		6FD38DF924CD905D0077C921 /* SearchFoundation */ = {
			isa = PBXGroup;
			children = (
				6FD38DFA24CD905D0077C921 /* SFResultSection.h */,
				6FD38DFB24CD905D0077C921 /* SFSearchResult.h */,
				6FD38DFC24CD905D0077C921 /* SFMutableResultSection.h */,
			);
			path = SearchFoundation;
			sourceTree = "<group>";
		};
/* End PBXGroup section */

/* Begin PBXHeadersBuildPhase section */
		6FD38DB124CD8F940077C921 /* Headers */ = {
			isa = PBXHeadersBuildPhase;
			buildActionMask = 2147483647;
			files = (
				6FD38DEC24CD90160077C921 /* SPBResponse.h in Headers */,
				6FCB3A6024D8D4E100121805 /* SFResultSection.h in Headers */,
				6FD38DEA24CD90160077C921 /* SPBPreviewController.h in Headers */,
				6FD38DFE24CD905D0077C921 /* SPKResponse.h in Headers */,
				6FD38E0124CD905D0077C921 /* SFSearchResult_SpotlightExtras.h in Headers */,
				6FD38E0024CD905D0077C921 /* SPPreviewController.h in Headers */,
				6F6B169824E537970041B8EF /* SPBPlaceholderPreviewController.h in Headers */,
				6FD38E0324CD905D0077C921 /* SFSearchResult.h in Headers */,
				6FA464D224CE315500F3C8F8 /* PRSPreviewController.h in Headers */,
				6FD38DE524CD90160077C921 /* SPBSearchResult.h in Headers */,
				6FD38DE824CD90160077C921 /* SPBResultSection.h in Headers */,
				6FD38DBA24CD8F940077C921 /* SpotlightBridge.h in Headers */,
				6FD38DEB24CD90160077C921 /* SPBQuery.h in Headers */,
				6FD38E0224CD905D0077C921 /* SFResultSection.h in Headers */,
				6FD38DFF24CD905D0077C921 /* SPKQuery.h in Headers */,
				6FD38E0424CD905D0077C921 /* SFMutableResultSection.h in Headers */,
				6F916C5724CEB70C00B42823 /* SPBResultSection+SFMutableResultSection.h in Headers */,
				6FCB3A5224D53A5700121805 /* SPBBridgingSearchResult.h in Headers */,
				6FD38DFD24CD905D0077C921 /* PRSCalculatorResult.h in Headers */,
			);
			runOnlyForDeploymentPostprocessing = 0;
		};
/* End PBXHeadersBuildPhase section */

/* Begin PBXNativeTarget section */
		6F0E30B524CD891D00B45588 /* SpotlightBridge */ = {
			isa = PBXNativeTarget;
			buildConfigurationList = 6F0E30CC24CD891D00B45588 /* Build configuration list for PBXNativeTarget "SpotlightBridge" */;
			buildPhases = (
				6F0E30B224CD891D00B45588 /* Sources */,
				6F0E30B324CD891D00B45588 /* Frameworks */,
				6F0E30B424CD891D00B45588 /* Resources */,
			);
			buildRules = (
			);
			dependencies = (
			);
			name = SpotlightBridge;
			productName = SpotlightBridge;
			productReference = 6F0E30B624CD891D00B45588 /* SpotlightBridge.bundle */;
			productType = "com.apple.product-type.bundle";
		};
		6F77148224E7482100CBA340 /* SpotlightBridgeFrameworkTests */ = {
			isa = PBXNativeTarget;
			buildConfigurationList = 6F77148B24E7482100CBA340 /* Build configuration list for PBXNativeTarget "SpotlightBridgeFrameworkTests" */;
			buildPhases = (
				6F77147F24E7482100CBA340 /* Sources */,
				6F77148024E7482100CBA340 /* Frameworks */,
				6F77148124E7482100CBA340 /* Resources */,
			);
			buildRules = (
			);
			dependencies = (
				6F77148A24E7482100CBA340 /* PBXTargetDependency */,
			);
			name = SpotlightBridgeFrameworkTests;
			productName = SpotlightBridgeFrameworkTests;
			productReference = 6F77148324E7482100CBA340 /* SpotlightBridgeFrameworkTests.xctest */;
			productType = "com.apple.product-type.bundle.unit-test";
		};
		6F77149A24E757BB00CBA340 /* SpotlightBridgeTests */ = {
			isa = PBXNativeTarget;
			buildConfigurationList = 6F7714A024E757BB00CBA340 /* Build configuration list for PBXNativeTarget "SpotlightBridgeTests" */;
			buildPhases = (
				6F77149724E757BB00CBA340 /* Sources */,
				6F77149824E757BB00CBA340 /* Frameworks */,
				6F77149924E757BB00CBA340 /* Resources */,
			);
			buildRules = (
			);
			dependencies = (
			);
			name = SpotlightBridgeTests;
			productName = SpotlightBridgeTests;
			productReference = 6F77149B24E757BB00CBA340 /* SpotlightBridgeTests.xctest */;
			productType = "com.apple.product-type.bundle.unit-test";
		};
		6FD38DB524CD8F940077C921 /* SpotlightBridgeFramework */ = {
			isa = PBXNativeTarget;
			buildConfigurationList = 6FD38DBD24CD8F940077C921 /* Build configuration list for PBXNativeTarget "SpotlightBridgeFramework" */;
			buildPhases = (
				6FD38DB124CD8F940077C921 /* Headers */,
				6FD38DB224CD8F940077C921 /* Sources */,
				6FD38DB324CD8F940077C921 /* Frameworks */,
				6FD38DB424CD8F940077C921 /* Resources */,
			);
			buildRules = (
			);
			dependencies = (
			);
			name = SpotlightBridgeFramework;
			productName = SpotlightBridgeFramework;
			productReference = 6FD38DB624CD8F940077C921 /* SpotlightBridge.framework */;
			productType = "com.apple.product-type.framework";
		};
/* End PBXNativeTarget section */

/* Begin PBXProject section */
		6F0E30AE24CD891D00B45588 /* Project object */ = {
			isa = PBXProject;
			attributes = {
				LastUpgradeCheck = 1150;
				ORGANIZATIONNAME = "Benjamin Johnson";
				TargetAttributes = {
					6F0E30B524CD891D00B45588 = {
						CreatedOnToolsVersion = 11.5;
					};
					6F77148224E7482100CBA340 = {
						CreatedOnToolsVersion = 11.6;
					};
					6F77149A24E757BB00CBA340 = {
						CreatedOnToolsVersion = 11.6;
					};
					6FD38DB524CD8F940077C921 = {
						CreatedOnToolsVersion = 11.5;
					};
				};
			};
			buildConfigurationList = 6F0E30B124CD891D00B45588 /* Build configuration list for PBXProject "SpotlightBridge" */;
			compatibilityVersion = "Xcode 9.3";
			developmentRegion = en;
			hasScannedForEncodings = 0;
			knownRegions = (
				en,
				Base,
			);
			mainGroup = 6F0E30AD24CD891D00B45588;
			productRefGroup = 6F0E30B724CD891D00B45588 /* Products */;
			projectDirPath = "";
			projectRoot = "";
			targets = (
				6F0E30B524CD891D00B45588 /* SpotlightBridge */,
				6FD38DB524CD8F940077C921 /* SpotlightBridgeFramework */,
				6F77148224E7482100CBA340 /* SpotlightBridgeFrameworkTests */,
				6F77149A24E757BB00CBA340 /* SpotlightBridgeTests */,
			);
		};
/* End PBXProject section */

/* Begin PBXResourcesBuildPhase section */
		6F0E30B424CD891D00B45588 /* Resources */ = {
			isa = PBXResourcesBuildPhase;
			buildActionMask = 2147483647;
			files = (
				6F0E30C924CD891D00B45588 /* PrefixHeader.pch in Resources */,
			);
			runOnlyForDeploymentPostprocessing = 0;
		};
		6F77148124E7482100CBA340 /* Resources */ = {
			isa = PBXResourcesBuildPhase;
			buildActionMask = 2147483647;
			files = (
			);
			runOnlyForDeploymentPostprocessing = 0;
		};
		6F77149924E757BB00CBA340 /* Resources */ = {
			isa = PBXResourcesBuildPhase;
			buildActionMask = 2147483647;
			files = (
				6F7714C224E75CB700CBA340 /* SPBTestExtension.bundle in Resources */,
			);
			runOnlyForDeploymentPostprocessing = 0;
		};
		6FD38DB424CD8F940077C921 /* Resources */ = {
			isa = PBXResourcesBuildPhase;
			buildActionMask = 2147483647;
			files = (
				6FD38DE624CD90160077C921 /* SPBPlaceholderPreviewController.xib in Resources */,
			);
			runOnlyForDeploymentPostprocessing = 0;
		};
/* End PBXResourcesBuildPhase section */

/* Begin PBXSourcesBuildPhase section */
		6F0E30B224CD891D00B45588 /* Sources */ = {
			isa = PBXSourcesBuildPhase;
			buildActionMask = 2147483647;
			files = (
				6F0E30D724CD895400B45588 /* SPBManager.m in Sources */,
				6F0E30D924CD895400B45588 /* SPBExtensionManager.m in Sources */,
				6F0E30DA24CD895400B45588 /* SPBValidator.m in Sources */,
				6F0E30D824CD895400B45588 /* SPBSpotlightBridge.m in Sources */,
				6F4FD06B24E1F9C200096B87 /* SPBRankingManager.m in Sources */,
				6F0E30DD24CD89DE00B45588 /* ZKSwizzle.m in Sources */,
			);
			runOnlyForDeploymentPostprocessing = 0;
		};
		6F77147F24E7482100CBA340 /* Sources */ = {
			isa = PBXSourcesBuildPhase;
			buildActionMask = 2147483647;
			files = (
				6F77149324E74A8E00CBA340 /* SPBBridgingSearchResult.m in Sources */,
				6F77148F24E7485600CBA340 /* SPBPreviewControllerTests.m in Sources */,
				6F77149624E7528C00CBA340 /* SPBResultSection.m in Sources */,
				6F77148624E7482100CBA340 /* SpotlightBridgeFrameworkTests.m in Sources */,
				6F77149224E7495E00CBA340 /* SPBTestPreviewController.m in Sources */,
			);
			runOnlyForDeploymentPostprocessing = 0;
		};
		6F77149724E757BB00CBA340 /* Sources */ = {
			isa = PBXSourcesBuildPhase;
			buildActionMask = 2147483647;
			files = (
				6FC1E24D24EA77A20059BE4A /* SPBRankingManagerTests.m in Sources */,
				6F7714C524E75F0E00CBA340 /* SPBTestExtensionManager.m in Sources */,
				6FC1E24E24EA78E40059BE4A /* SPBBridgingSearchResult.m in Sources */,
				6FC1E25424EA7AD40059BE4A /* SPBRankingManager.m in Sources */,
				6F7714A424E757E200CBA340 /* SPBExtensionManagerTests.m in Sources */,
				6FC1E25124EA79440059BE4A /* SPBTestSearchResult.m in Sources */,
				6F7714A524E7581000CBA340 /* SPBExtensionManager.m in Sources */,
			);
			runOnlyForDeploymentPostprocessing = 0;
		};
		6FD38DB224CD8F940077C921 /* Sources */ = {
			isa = PBXSourcesBuildPhase;
			buildActionMask = 2147483647;
			files = (
				6FD38DED24CD90160077C921 /* SPBPreviewController.m in Sources */,
				6F916C5824CEB70C00B42823 /* SPBResultSection+SFMutableResultSection.m in Sources */,
				6FD38DE724CD90160077C921 /* SPBResponse.m in Sources */,
				6FD38DE424CD90160077C921 /* SPBResultSection.m in Sources */,
				6FCB3A5324D53A5700121805 /* SPBBridgingSearchResult.m in Sources */,
				6FD38DE924CD90160077C921 /* SPBSearchResult.m in Sources */,
				6F6B169624E5377B0041B8EF /* SPBPlaceholderPreviewController.m in Sources */,
				6FD38DE324CD90160077C921 /* SPBQuery.m in Sources */,
			);
			runOnlyForDeploymentPostprocessing = 0;
		};
/* End PBXSourcesBuildPhase section */

/* Begin PBXTargetDependency section */
		6F77148A24E7482100CBA340 /* PBXTargetDependency */ = {
			isa = PBXTargetDependency;
			target = 6FD38DB524CD8F940077C921 /* SpotlightBridgeFramework */;
			targetProxy = 6F77148924E7482100CBA340 /* PBXContainerItemProxy */;
		};
/* End PBXTargetDependency section */

/* Begin XCBuildConfiguration section */
		6F0E30CA24CD891D00B45588 /* Debug */ = {
			isa = XCBuildConfiguration;
			buildSettings = {
				ALWAYS_SEARCH_USER_PATHS = NO;
				CLANG_ANALYZER_NONNULL = YES;
				CLANG_ANALYZER_NUMBER_OBJECT_CONVERSION = YES_AGGRESSIVE;
				CLANG_CXX_LANGUAGE_STANDARD = "gnu++14";
				CLANG_CXX_LIBRARY = "libc++";
				CLANG_ENABLE_MODULES = YES;
				CLANG_ENABLE_OBJC_ARC = YES;
				CLANG_ENABLE_OBJC_WEAK = YES;
				CLANG_WARN_BLOCK_CAPTURE_AUTORELEASING = YES;
				CLANG_WARN_BOOL_CONVERSION = YES;
				CLANG_WARN_COMMA = YES;
				CLANG_WARN_CONSTANT_CONVERSION = YES;
				CLANG_WARN_DEPRECATED_OBJC_IMPLEMENTATIONS = YES;
				CLANG_WARN_DIRECT_OBJC_ISA_USAGE = YES_ERROR;
				CLANG_WARN_DOCUMENTATION_COMMENTS = YES;
				CLANG_WARN_EMPTY_BODY = YES;
				CLANG_WARN_ENUM_CONVERSION = YES;
				CLANG_WARN_INFINITE_RECURSION = YES;
				CLANG_WARN_INT_CONVERSION = YES;
				CLANG_WARN_NON_LITERAL_NULL_CONVERSION = YES;
				CLANG_WARN_OBJC_IMPLICIT_RETAIN_SELF = YES;
				CLANG_WARN_OBJC_LITERAL_CONVERSION = YES;
				CLANG_WARN_OBJC_ROOT_CLASS = YES_ERROR;
				CLANG_WARN_RANGE_LOOP_ANALYSIS = YES;
				CLANG_WARN_STRICT_PROTOTYPES = YES;
				CLANG_WARN_SUSPICIOUS_MOVE = YES;
				CLANG_WARN_UNGUARDED_AVAILABILITY = YES_AGGRESSIVE;
				CLANG_WARN_UNREACHABLE_CODE = YES;
				CLANG_WARN__DUPLICATE_METHOD_MATCH = YES;
				COPY_PHASE_STRIP = NO;
				DEBUG_INFORMATION_FORMAT = dwarf;
				ENABLE_STRICT_OBJC_MSGSEND = YES;
				ENABLE_TESTABILITY = YES;
				GCC_C_LANGUAGE_STANDARD = gnu11;
				GCC_DYNAMIC_NO_PIC = NO;
				GCC_NO_COMMON_BLOCKS = YES;
				GCC_OPTIMIZATION_LEVEL = 0;
				GCC_PREPROCESSOR_DEFINITIONS = (
					"DEBUG=1",
					"$(inherited)",
				);
				GCC_WARN_64_TO_32_BIT_CONVERSION = YES;
				GCC_WARN_ABOUT_RETURN_TYPE = YES_ERROR;
				GCC_WARN_UNDECLARED_SELECTOR = YES;
				GCC_WARN_UNINITIALIZED_AUTOS = YES_AGGRESSIVE;
				GCC_WARN_UNUSED_FUNCTION = YES;
				GCC_WARN_UNUSED_VARIABLE = YES;
				MTL_ENABLE_DEBUG_INFO = INCLUDE_SOURCE;
				MTL_FAST_MATH = YES;
				ONLY_ACTIVE_ARCH = YES;
			};
			name = Debug;
		};
		6F0E30CB24CD891D00B45588 /* Release */ = {
			isa = XCBuildConfiguration;
			buildSettings = {
				ALWAYS_SEARCH_USER_PATHS = NO;
				CLANG_ANALYZER_NONNULL = YES;
				CLANG_ANALYZER_NUMBER_OBJECT_CONVERSION = YES_AGGRESSIVE;
				CLANG_CXX_LANGUAGE_STANDARD = "gnu++14";
				CLANG_CXX_LIBRARY = "libc++";
				CLANG_ENABLE_MODULES = YES;
				CLANG_ENABLE_OBJC_ARC = YES;
				CLANG_ENABLE_OBJC_WEAK = YES;
				CLANG_WARN_BLOCK_CAPTURE_AUTORELEASING = YES;
				CLANG_WARN_BOOL_CONVERSION = YES;
				CLANG_WARN_COMMA = YES;
				CLANG_WARN_CONSTANT_CONVERSION = YES;
				CLANG_WARN_DEPRECATED_OBJC_IMPLEMENTATIONS = YES;
				CLANG_WARN_DIRECT_OBJC_ISA_USAGE = YES_ERROR;
				CLANG_WARN_DOCUMENTATION_COMMENTS = YES;
				CLANG_WARN_EMPTY_BODY = YES;
				CLANG_WARN_ENUM_CONVERSION = YES;
				CLANG_WARN_INFINITE_RECURSION = YES;
				CLANG_WARN_INT_CONVERSION = YES;
				CLANG_WARN_NON_LITERAL_NULL_CONVERSION = YES;
				CLANG_WARN_OBJC_IMPLICIT_RETAIN_SELF = YES;
				CLANG_WARN_OBJC_LITERAL_CONVERSION = YES;
				CLANG_WARN_OBJC_ROOT_CLASS = YES_ERROR;
				CLANG_WARN_RANGE_LOOP_ANALYSIS = YES;
				CLANG_WARN_STRICT_PROTOTYPES = YES;
				CLANG_WARN_SUSPICIOUS_MOVE = YES;
				CLANG_WARN_UNGUARDED_AVAILABILITY = YES_AGGRESSIVE;
				CLANG_WARN_UNREACHABLE_CODE = YES;
				CLANG_WARN__DUPLICATE_METHOD_MATCH = YES;
				COPY_PHASE_STRIP = NO;
				DEBUG_INFORMATION_FORMAT = "dwarf-with-dsym";
				ENABLE_NS_ASSERTIONS = NO;
				ENABLE_STRICT_OBJC_MSGSEND = YES;
				GCC_C_LANGUAGE_STANDARD = gnu11;
				GCC_NO_COMMON_BLOCKS = YES;
				GCC_WARN_64_TO_32_BIT_CONVERSION = YES;
				GCC_WARN_ABOUT_RETURN_TYPE = YES_ERROR;
				GCC_WARN_UNDECLARED_SELECTOR = YES;
				GCC_WARN_UNINITIALIZED_AUTOS = YES_AGGRESSIVE;
				GCC_WARN_UNUSED_FUNCTION = YES;
				GCC_WARN_UNUSED_VARIABLE = YES;
				MTL_ENABLE_DEBUG_INFO = NO;
				MTL_FAST_MATH = YES;
			};
			name = Release;
		};
		6F0E30CD24CD891D00B45588 /* Debug */ = {
			isa = XCBuildConfiguration;
			buildSettings = {
				ARCHS = "$(ARCHS_STANDARD)";
				CLANG_ENABLE_OBJC_ARC = YES;
				CODE_SIGN_STYLE = Automatic;
				COMBINE_HIDPI_IMAGES = YES;
				DEPLOYMENT_LOCATION = YES;
				DSTROOT = /;
				GCC_PRECOMPILE_PREFIX_HEADER = YES;
				GCC_PREFIX_HEADER = SpotlightBridge/PrefixHeader.pch;
				INFOPLIST_FILE = SpotlightBridge/Info.plist;
				INSTALL_PATH = "/Library/Application Support/MacEnhance/Plugins";
				MACH_O_TYPE = mh_dylib;
				PRODUCT_BUNDLE_IDENTIFIER = benjamin.spotlightbridge.SpotlightBridge;
				PRODUCT_NAME = "$(TARGET_NAME)";
				SYSTEM_FRAMEWORK_SEARCH_PATHS = (
					"$(inherited)",
					"$(SYSTEM_LIBRARY_DIR)/PrivateFrameworks",
				);
				WRAPPER_EXTENSION = bundle;
			};
			name = Debug;
		};
		6F0E30CE24CD891D00B45588 /* Release */ = {
			isa = XCBuildConfiguration;
			buildSettings = {
				ARCHS = "$(ARCHS_STANDARD)";
				CLANG_ENABLE_OBJC_ARC = YES;
				CODE_SIGN_STYLE = Automatic;
				COMBINE_HIDPI_IMAGES = YES;
				DEPLOYMENT_LOCATION = YES;
				DSTROOT = /;
				GCC_PRECOMPILE_PREFIX_HEADER = YES;
				GCC_PREFIX_HEADER = SpotlightBridge/PrefixHeader.pch;
				INFOPLIST_FILE = SpotlightBridge/Info.plist;
				INSTALL_PATH = "/Library/Application Support/MacEnhance/Plugins";
				MACH_O_TYPE = mh_dylib;
				PRODUCT_BUNDLE_IDENTIFIER = benjamin.spotlightbridge.SpotlightBridge;
				PRODUCT_NAME = "$(TARGET_NAME)";
				SYSTEM_FRAMEWORK_SEARCH_PATHS = (
					"$(inherited)",
					"$(SYSTEM_LIBRARY_DIR)/PrivateFrameworks",
				);
				WRAPPER_EXTENSION = bundle;
			};
			name = Release;
		};
		6F77148C24E7482100CBA340 /* Debug */ = {
			isa = XCBuildConfiguration;
			buildSettings = {
				CODE_SIGN_STYLE = Automatic;
				COMBINE_HIDPI_IMAGES = YES;
				INFOPLIST_FILE = SpotlightBridgeFrameworkTests/Info.plist;
				LD_RUNPATH_SEARCH_PATHS = (
					"$(inherited)",
					"@executable_path/../Frameworks",
					"@loader_path/../Frameworks",
				);
				MACOSX_DEPLOYMENT_TARGET = 10.14;
				PRODUCT_BUNDLE_IDENTIFIER = benjamin.spotlightbridge.SpotlightBridgeFrameworkTests;
				PRODUCT_NAME = "$(TARGET_NAME)";
				SDKROOT = macosx;
				SYSTEM_FRAMEWORK_SEARCH_PATHS = (
					"$(inherited)",
					"$(SYSTEM_LIBRARY_DIR)/PrivateFrameworks",
				);
			};
			name = Debug;
		};
		6F77148D24E7482100CBA340 /* Release */ = {
			isa = XCBuildConfiguration;
			buildSettings = {
				CODE_SIGN_STYLE = Automatic;
				COMBINE_HIDPI_IMAGES = YES;
				INFOPLIST_FILE = SpotlightBridgeFrameworkTests/Info.plist;
				LD_RUNPATH_SEARCH_PATHS = (
					"$(inherited)",
					"@executable_path/../Frameworks",
					"@loader_path/../Frameworks",
				);
				MACOSX_DEPLOYMENT_TARGET = 10.14;
				PRODUCT_BUNDLE_IDENTIFIER = benjamin.spotlightbridge.SpotlightBridgeFrameworkTests;
				PRODUCT_NAME = "$(TARGET_NAME)";
				SDKROOT = macosx;
				SYSTEM_FRAMEWORK_SEARCH_PATHS = (
					"$(inherited)",
					"$(SYSTEM_LIBRARY_DIR)/PrivateFrameworks",
				);
			};
			name = Release;
		};
		6F7714A124E757BB00CBA340 /* Debug */ = {
			isa = XCBuildConfiguration;
			buildSettings = {
				CODE_SIGN_STYLE = Automatic;
				COMBINE_HIDPI_IMAGES = YES;
				INFOPLIST_FILE = SpotlightBridgeTests/Info.plist;
				LD_RUNPATH_SEARCH_PATHS = (
					"$(inherited)",
					"@executable_path/../Frameworks",
					"@loader_path/../Frameworks",
				);
				MACOSX_DEPLOYMENT_TARGET = 10.14;
				PRODUCT_BUNDLE_IDENTIFIER = benjamin.spotlightbridge.SpotlightBridgeTests;
				PRODUCT_NAME = "$(TARGET_NAME)";
				SDKROOT = macosx;
				SYSTEM_FRAMEWORK_SEARCH_PATHS = (
					"$(inherited)",
					"$(SYSTEM_LIBRARY_DIR)/PrivateFrameworks",
				);
			};
			name = Debug;
		};
		6F7714A224E757BB00CBA340 /* Release */ = {
			isa = XCBuildConfiguration;
			buildSettings = {
				CODE_SIGN_STYLE = Automatic;
				COMBINE_HIDPI_IMAGES = YES;
				INFOPLIST_FILE = SpotlightBridgeTests/Info.plist;
				LD_RUNPATH_SEARCH_PATHS = (
					"$(inherited)",
					"@executable_path/../Frameworks",
					"@loader_path/../Frameworks",
				);
				MACOSX_DEPLOYMENT_TARGET = 10.14;
				PRODUCT_BUNDLE_IDENTIFIER = benjamin.spotlightbridge.SpotlightBridgeTests;
				PRODUCT_NAME = "$(TARGET_NAME)";
				SDKROOT = macosx;
				SYSTEM_FRAMEWORK_SEARCH_PATHS = (
					"$(inherited)",
					"$(SYSTEM_LIBRARY_DIR)/PrivateFrameworks",
				);
			};
			name = Release;
		};
		6FD38DBB24CD8F940077C921 /* Debug */ = {
			isa = XCBuildConfiguration;
			buildSettings = {
				CODE_SIGN_STYLE = Automatic;
				COMBINE_HIDPI_IMAGES = YES;
				CURRENT_PROJECT_VERSION = 1;
				DEFINES_MODULE = YES;
				DYLIB_COMPATIBILITY_VERSION = 1;
				DYLIB_CURRENT_VERSION = 1;
				DYLIB_INSTALL_NAME_BASE = "@rpath";
				INFOPLIST_FILE = SpotlightBridgeFramework/Info.plist;
				INSTALL_PATH = "$(LOCAL_LIBRARY_DIR)/Frameworks";
				LD_RUNPATH_SEARCH_PATHS = (
					"$(inherited)",
					"@executable_path/../Frameworks",
					"@loader_path/Frameworks",
				);
				MACOSX_DEPLOYMENT_TARGET = 10.14;
				OTHER_LDFLAGS = (
					"-weak_framework",
					SearchFoundation,
				);
				PRODUCT_BUNDLE_IDENTIFIER = benjamin.spotlightbridge.SpotlightBridgeFramework;
				PRODUCT_NAME = SpotlightBridge;
				SDKROOT = macosx;
				SKIP_INSTALL = YES;
				SYSTEM_FRAMEWORK_SEARCH_PATHS = (
					"$(inherited)",
					"$(SYSTEM_LIBRARY_DIR)/PrivateFrameworks",
				);
				VERSIONING_SYSTEM = "apple-generic";
				VERSION_INFO_PREFIX = "";
			};
			name = Debug;
		};
		6FD38DBC24CD8F940077C921 /* Release */ = {
			isa = XCBuildConfiguration;
			buildSettings = {
				CODE_SIGN_STYLE = Automatic;
				COMBINE_HIDPI_IMAGES = YES;
				CURRENT_PROJECT_VERSION = 1;
				DEFINES_MODULE = YES;
				DYLIB_COMPATIBILITY_VERSION = 1;
				DYLIB_CURRENT_VERSION = 1;
				DYLIB_INSTALL_NAME_BASE = "@rpath";
				INFOPLIST_FILE = SpotlightBridgeFramework/Info.plist;
				INSTALL_PATH = "$(LOCAL_LIBRARY_DIR)/Frameworks";
				LD_RUNPATH_SEARCH_PATHS = (
					"$(inherited)",
					"@executable_path/../Frameworks",
					"@loader_path/Frameworks",
				);
				MACOSX_DEPLOYMENT_TARGET = 10.14;
				OTHER_LDFLAGS = (
					"-weak_framework",
					SearchFoundation,
				);
				PRODUCT_BUNDLE_IDENTIFIER = benjamin.spotlightbridge.SpotlightBridgeFramework;
				PRODUCT_NAME = SpotlightBridge;
				SDKROOT = macosx;
				SKIP_INSTALL = YES;
				SYSTEM_FRAMEWORK_SEARCH_PATHS = (
					"$(inherited)",
					"$(SYSTEM_LIBRARY_DIR)/PrivateFrameworks",
				);
				VERSIONING_SYSTEM = "apple-generic";
				VERSION_INFO_PREFIX = "";
			};
			name = Release;
		};
/* End XCBuildConfiguration section */

/* Begin XCConfigurationList section */
		6F0E30B124CD891D00B45588 /* Build configuration list for PBXProject "SpotlightBridge" */ = {
			isa = XCConfigurationList;
			buildConfigurations = (
				6F0E30CA24CD891D00B45588 /* Debug */,
				6F0E30CB24CD891D00B45588 /* Release */,
			);
			defaultConfigurationIsVisible = 0;
			defaultConfigurationName = Release;
		};
		6F0E30CC24CD891D00B45588 /* Build configuration list for PBXNativeTarget "SpotlightBridge" */ = {
			isa = XCConfigurationList;
			buildConfigurations = (
				6F0E30CD24CD891D00B45588 /* Debug */,
				6F0E30CE24CD891D00B45588 /* Release */,
			);
			defaultConfigurationIsVisible = 0;
			defaultConfigurationName = Release;
		};
		6F77148B24E7482100CBA340 /* Build configuration list for PBXNativeTarget "SpotlightBridgeFrameworkTests" */ = {
			isa = XCConfigurationList;
			buildConfigurations = (
				6F77148C24E7482100CBA340 /* Debug */,
				6F77148D24E7482100CBA340 /* Release */,
			);
			defaultConfigurationIsVisible = 0;
			defaultConfigurationName = Release;
		};
		6F7714A024E757BB00CBA340 /* Build configuration list for PBXNativeTarget "SpotlightBridgeTests" */ = {
			isa = XCConfigurationList;
			buildConfigurations = (
				6F7714A124E757BB00CBA340 /* Debug */,
				6F7714A224E757BB00CBA340 /* Release */,
			);
			defaultConfigurationIsVisible = 0;
			defaultConfigurationName = Release;
		};
		6FD38DBD24CD8F940077C921 /* Build configuration list for PBXNativeTarget "SpotlightBridgeFramework" */ = {
			isa = XCConfigurationList;
			buildConfigurations = (
				6FD38DBB24CD8F940077C921 /* Debug */,
				6FD38DBC24CD8F940077C921 /* Release */,
			);
			defaultConfigurationIsVisible = 0;
			defaultConfigurationName = Release;
		};
/* End XCConfigurationList section */
	};
	rootObject = 6F0E30AE24CD891D00B45588 /* Project object */;
}
